
Microsoft Visual Studio Solution File, Format Version 12.00
# Visual Studio Version 17
VisualStudioVersion = 17.2.32505.173
MinimumVisualStudioVersion = 10.0.40219.1
Project("{FAE04EC0-301F-11D3-BF4B-00C04F79EFBC}") = "ConsoleApp1", "ConsoleApp1\ConsoleApp1.csproj", "{768B08CD-F34C-4466-AC01-766B1EECB13C}"
EndProject
Global
	GlobalSection(SolutionConfigurationPlatforms) = preSolution
		Debug|Any CPU = Debug|Any CPU
		Release|Any CPU = Release|Any CPU
	EndGlobalSection
	GlobalSection(ProjectConfigurationPlatforms) = postSolution
		{768B08CD-F34C-4466-AC01-766B1EECB13C}.Debug|Any CPU.ActiveCfg = Debug|Any CPU
		{768B08CD-F34C-4466-AC01-766B1EECB13C}.Debug|Any CPU.Build.0 = Debug|Any CPU
		{768B08CD-F34C-4466-AC01-766B1EECB13C}.Release|Any CPU.ActiveCfg = Release|Any CPU
		{768B08CD-F34C-4466-AC01-766B1EECB13C}.Release|Any CPU.Build.0 = Release|Any CPU
	EndGlobalSection
	GlobalSection(SolutionProperties) = preSolution
		HideSolutionNode = FALSE
	EndGlobalSection
	GlobalSection(ExtensibilityGlobals) = postSolution
		SolutionGuid = {4593430C-AF8F-42BF-9A08-4C875FAD3BFB}
	EndGlobalSection
EndGlobal
